Microsoft Visual Studio Solution File, Format Version 12.00
# Visual Studio 2012
Project("{FAE04EC0-301F-11D3-BF4B-00C04F79EFBC}") = "MiniJam", "MiniJam.csproj", "{6F1B68EE-4D13-4AB3-BC59-A8098E88BEB8}"
EndProject
Global
	GlobalSection(SolutionConfigurationPlatforms) = preSolution
	Debug|Any CPU = Debug|Any CPU
	ExportDebug|Any CPU = ExportDebug|Any CPU
	ExportRelease|Any CPU = ExportRelease|Any CPU
	EndGlobalSection
	GlobalSection(ProjectConfigurationPlatforms) = postSolution
		{6F1B68EE-4D13-4AB3-BC59-A8098E88BEB8}.Debug|Any CPU.ActiveCfg = Debug|Any CPU
		{6F1B68EE-4D13-4AB3-BC59-A8098E88BEB8}.Debug|Any CPU.Build.0 = Debug|Any CPU
		{6F1B68EE-4D13-4AB3-BC59-A8098E88BEB8}.ExportDebug|Any CPU.ActiveCfg = ExportDebug|Any CPU
		{6F1B68EE-4D13-4AB3-BC59-A8098E88BEB8}.ExportDebug|Any CPU.Build.0 = ExportDebug|Any CPU
		{6F1B68EE-4D13-4AB3-BC59-A8098E88BEB8}.ExportRelease|Any CPU.ActiveCfg = ExportRelease|Any CPU
		{6F1B68EE-4D13-4AB3-BC59-A8098E88BEB8}.ExportRelease|Any CPU.Build.0 = ExportRelease|Any CPU
	EndGlobalSection
EndGlobal
